<?xml version="1.0" encoding="utf-8"?>
<Project ToolsVersion="4.0" xmlns="http://schemas.microsoft.com/developer/msbuild/2003">
  <ItemGroup>
    <Filter Include="Quelldateien">
      <UniqueIdentifier>{4FC737F1-C7A5-4376-A066-2A32D752A2FF}</UniqueIdentifier>
      <Extensions>cpp;c;cc;cxx;def;odl;idl;hpj;bat;asm;asmx</Extensions>
    </Filter>
    <Filter Include="Headerdateien">
      <UniqueIdentifier>{93995380-89BD-4b04-88EB-625FBE52EBFB}</UniqueIdentifier>
      <Extensions>h;hh;hpp;hxx;hm;inl;inc;xsd</Extensions>
    </Filter>
    <Filter Include="Ressourcendateien">
      <UniqueIdentifier>{67DA6AB6-F800-4c08-8B7A-83BB121AAD01}</UniqueIdentifier>
      <Extensions>rc;ico;cur;bmp;dlg;rc2;rct;bin;rgs;gif;jpg;jpeg;jpe;resx;tiff;tif;png;wav;mfcribbon-ms</Extensions>
    </Filter>
    <Filter Include="jsons">
      <UniqueIdentifier>{6e1c4e67-40d4-4c8a-893f-77c14a4d22f9}</UniqueIdentifier>
    </Filter>
  </ItemGroup>
  <ItemGroup>
    <ClCompile Include="Main.cpp">
      <Filter>Quelldateien</Filter>
    </ClCompile>
    <ClCompile Include="visualization\source\Visualizer.cpp">
      <Filter>Quelldateien</Filter>
    </ClCompile>
    <ClCompile Include="visualization\source\Sprite.cpp">
      <Filter>Quelldateien</Filter>
    </ClCompile>
    <ClCompile Include="tests\TestVisualization.cpp">
      <Filter>Quelldateien</Filter>
    </ClCompile>
    <ClCompile Include="visualization\header\Layer.cpp">
      <Filter>Quelldateien</Filter>
    </ClCompile>
    <ClCompile Include="asset_manager\source\TestAssetManager.cpp">
      <Filter>Quelldateien</Filter>
    </ClCompile>
    <ClCompile Include="game\source\Application.cpp">
      <Filter>Quelldateien</Filter>
    </ClCompile>
    <ClCompile Include="game\source\TestGame.cpp">
      <Filter>Quelldateien</Filter>
    </ClCompile>
    <ClCompile Include="game\header\Object.cpp">
      <Filter>Quelldateien</Filter>
    </ClCompile>
    <ClCompile Include="game\source\Monster.cpp">
      <Filter>Quelldateien</Filter>
    </ClCompile>
    <ClCompile Include="game\source\Character.cpp">
      <Filter>Quelldateien</Filter>
    </ClCompile>
    <ClCompile Include="asset_manager\source\AssetManager.cpp">
      <Filter>Quelldateien</Filter>
    </ClCompile>
    <ClCompile Include="game\source\Doodad.cpp">
      <Filter>Quelldateien</Filter>
    </ClCompile>
    <ClCompile Include="utils\source\TestUtils.cpp">
      <Filter>Quelldateien</Filter>
    </ClCompile>
    <ClCompile Include="utils\source\ToString.cpp">
      <Filter>Quelldateien</Filter>
    </ClCompile>
  </ItemGroup>
  <ItemGroup>
    <Text Include="Readme.txt" />
    <Text Include="CodeStyle.txt" />
    <Text Include="GameDesignDocument.txt" />
    <Text Include="Todo.txt" />
    <Text Include="assets\ResourceList.json">
      <Filter>jsons</Filter>
    </Text>
  </ItemGroup>
  <ItemGroup>
    <ClInclude Include="boost_extension\header\stack_trace_config.h">
      <Filter>Headerdateien</Filter>
    </ClInclude>
    <ClInclude Include="visualization\header\Visualizer.h">
      <Filter>Headerdateien</Filter>
    </ClInclude>
    <ClInclude Include="utils\header\utils.hpp">
      <Filter>Headerdateien</Filter>
    </ClInclude>
    <ClInclude Include="utils\header\SharedPointerDefintion.h">
      <Filter>Headerdateien</Filter>
    </ClInclude>
    <ClInclude Include="visualization\header\Layer.h">
      <Filter>Headerdateien</Filter>
    </ClInclude>
    <ClInclude Include="visualization\header\Visualizable.h">
      <Filter>Headerdateien</Filter>
    </ClInclude>
    <ClInclude Include="visualization\header\Sprite.h">
      <Filter>Headerdateien</Filter>
    </ClInclude>
    <ClInclude Include="asset_manager\header\AssetManager.h">
      <Filter>Headerdateien</Filter>
    </ClInclude>
    <ClInclude Include="exceptions\header\AssetManagerExceptions.h">
      <Filter>Headerdateien</Filter>
    </ClInclude>
    <ClInclude Include="resource.h">
      <Filter>Headerdateien</Filter>
    </ClInclude>
    <ClInclude Include="resource1.h">
      <Filter>Headerdateien</Filter>
    </ClInclude>
    <ClInclude Include="game\header\Object.h">
      <Filter>Headerdateien</Filter>
    </ClInclude>
    <ClInclude Include="game\header\Application.h">
      <Filter>Headerdateien</Filter>
    </ClInclude>
    <ClInclude Include="exceptions\header\GameExceptions.h">
      <Filter>Headerdateien</Filter>
    </ClInclude>
    <ClInclude Include="game\header\Doodad.h">
      <Filter>Headerdateien</Filter>
    </ClInclude>
    <ClInclude Include="game\header\Monster.h">
      <Filter>Headerdateien</Filter>
    </ClInclude>
    <ClInclude Include="game\header\Character.h">
      <Filter>Headerdateien</Filter>
    </ClInclude>
    <ClInclude Include="utils\header\NovoTree.h">
      <Filter>Headerdateien</Filter>
    </ClInclude>
    <ClInclude Include="utils\header\Bounds.h">
      <Filter>Headerdateien</Filter>
    </ClInclude>
    <ClInclude Include="utils\header\Point.h">
      <Filter>Headerdateien</Filter>
    </ClInclude>
    <ClInclude Include="utils\header\ToString.h">
      <Filter>Headerdateien</Filter>
    </ClInclude>
  </ItemGroup>
  <ItemGroup>
    <None Include="assets\jsons\Doodads.json">
      <Filter>jsons</Filter>
    </None>
  </ItemGroup>
</Project>